{
  "pins" : [
    {
      "identity" : "journify-ios-sdk",
      "kind" : "remoteSourceControl",
      "location" : "https://github.com/journifyio/journify-ios-sdk",
      "state" : {
        "branch" : "main",
        "revision" : "f963bab26cb0a1154b1b1cd2f32e4fb550a378e1"
      }
    },
    {
      "identity" : "sovran-swift",
      "kind" : "remoteSourceControl",
      "location" : "https://github.com/segmentio/Sovran-Swift.git",
      "state" : {
        "revision" : "944c17d7c46bd95fc37f09136cabd172be5b413b",
        "version" : "1.0.3"
      }
    }
  ],
  "version" : 2
}
