{
  "pins" : [
    {
      "identity" : "journify-ios-sdk",
      "kind" : "remoteSourceControl",
      "location" : "https://github.com/journifyio/journify-ios-sdk",
      "state" : {
        "branch" : "main",
        "revision" : "4ff709fcd3ef72e47c69916b7c8e48bdd4e99e23"
      }
    },
    {
      "identity" : "sovran-swift",
      "kind" : "remoteSourceControl",
      "location" : "https://github.com/segmentio/Sovran-Swift.git",
      "state" : {
        "revision" : "944c17d7c46bd95fc37f09136cabd172be5b413b",
        "version" : "1.0.3"
      }
    }
  ],
  "version" : 2
}
