{
  "pins" : [
    {
      "identity" : "sovran-swift",
      "kind" : "remoteSourceControl",
      "location" : "https://github.com/segmentio/Sovran-Swift.git",
      "state" : {
        "branch" : "main",
        "revision" : "b95cd3c96143c94d1bdbb71ebcfd5351d65ee729"
      }
    }
  ],
  "version" : 2
}
